
Microsoft Visual Studio Solution File, Format Version 12.00
# Visual Studio Version 17
VisualStudioVersion = 17.0.31717.71
MinimumVisualStudioVersion = 10.0.40219.1
Project("{2150E333-8FDC-42A3-9474-1A3956D46DE8}") = "aula01", "aula01", "{C65D5BF6-C31F-4A56-B14E-B7090A6A3C8B}"
EndProject
Project("{FAE04EC0-301F-11D3-BF4B-00C04F79EFBC}") = "Aula01", "aula01\src\Aula01\Aula01.csproj", "{B99CFE56-0534-4127-A18F-06A525FB184F}"
EndProject
Project("{FAE04EC0-301F-11D3-BF4B-00C04F79EFBC}") = "Aula01.UnitTest", "aula01\test\Aula01.UnitTest\Aula01.UnitTest.csproj", "{2A94FF93-338A-4137-818A-8AB4AA4DF752}"
EndProject
Global
	GlobalSection(SolutionConfigurationPlatforms) = preSolution
		Debug|Any CPU = Debug|Any CPU
		Release|Any CPU = Release|Any CPU
	EndGlobalSection
	GlobalSection(ProjectConfigurationPlatforms) = postSolution
		{B99CFE56-0534-4127-A18F-06A525FB184F}.Debug|Any CPU.ActiveCfg = Debug|Any CPU
		{B99CFE56-0534-4127-A18F-06A525FB184F}.Debug|Any CPU.Build.0 = Debug|Any CPU
		{B99CFE56-0534-4127-A18F-06A525FB184F}.Release|Any CPU.ActiveCfg = Release|Any CPU
		{B99CFE56-0534-4127-A18F-06A525FB184F}.Release|Any CPU.Build.0 = Release|Any CPU
		{2A94FF93-338A-4137-818A-8AB4AA4DF752}.Debug|Any CPU.ActiveCfg = Debug|Any CPU
		{2A94FF93-338A-4137-818A-8AB4AA4DF752}.Debug|Any CPU.Build.0 = Debug|Any CPU
		{2A94FF93-338A-4137-818A-8AB4AA4DF752}.Release|Any CPU.ActiveCfg = Release|Any CPU
		{2A94FF93-338A-4137-818A-8AB4AA4DF752}.Release|Any CPU.Build.0 = Release|Any CPU
	EndGlobalSection
	GlobalSection(SolutionProperties) = preSolution
		HideSolutionNode = FALSE
	EndGlobalSection
	GlobalSection(NestedProjects) = preSolution
		{B99CFE56-0534-4127-A18F-06A525FB184F} = {C65D5BF6-C31F-4A56-B14E-B7090A6A3C8B}
		{2A94FF93-338A-4137-818A-8AB4AA4DF752} = {C65D5BF6-C31F-4A56-B14E-B7090A6A3C8B}
	EndGlobalSection
	GlobalSection(ExtensibilityGlobals) = postSolution
		SolutionGuid = {8D42F9DE-E60A-4BA1-A609-E7EB1379FBE3}
	EndGlobalSection
EndGlobal
