
Microsoft Visual Studio Solution File, Format Version 12.00
# Visual Studio Version 16
VisualStudioVersion = 16.0.31702.278
MinimumVisualStudioVersion = 10.0.40219.1
Project("{2150E333-8FDC-42A3-9474-1A3956D46DE8}") = "aula01", "aula01", "{B82277DF-5B94-4CAC-BD4C-861FFF55F138}"
EndProject
Project("{2150E333-8FDC-42A3-9474-1A3956D46DE8}") = "aula02", "aula02", "{6023BCFE-3196-4E43-B803-79641066ED86}"
EndProject
Project("{2150E333-8FDC-42A3-9474-1A3956D46DE8}") = "aula03", "aula03", "{CF3C3E60-5470-4F1B-A149-89E7301F81AC}"
EndProject
Project("{9A19103F-16F7-4668-BE54-9A1E7A4F7556}") = "Aula03", "aula03\src\Aula03\Aula03.csproj", "{0BC7AAE2-996B-4445-87A8-89573F2B8B30}"
EndProject
Project("{9A19103F-16F7-4668-BE54-9A1E7A4F7556}") = "Aula03.UnitTest", "aula03\test\Aula03.UnitTest\Aula03.UnitTest.csproj", "{39B50404-228E-4D11-B0D9-6D8AF651ECB9}"
EndProject
Project("{9A19103F-16F7-4668-BE54-9A1E7A4F7556}") = "Aula01", "aula01\src\Aula01\Aula01.csproj", "{33376D0B-6A86-4A1E-9852-16780056B2D5}"
EndProject
Project("{9A19103F-16F7-4668-BE54-9A1E7A4F7556}") = "Aula01.UnitTest", "aula01\test\Aula01.UnitTest\Aula01.UnitTest.csproj", "{847E74F7-0BEC-4662-837B-32803738E587}"
EndProject
Project("{9A19103F-16F7-4668-BE54-9A1E7A4F7556}") = "Aula02", "aula02\src\Aula02\Aula02.csproj", "{450F47AE-D10A-4CD6-893E-BC028E5E215B}"
EndProject
Project("{9A19103F-16F7-4668-BE54-9A1E7A4F7556}") = "Aula02.Nunit.UnitTest", "aula02\test\Aula02.NUnit.UnitTest\Aula02.Nunit.UnitTest.csproj", "{182D4CFD-7857-4247-9377-057978BF426E}"
EndProject
Project("{9A19103F-16F7-4668-BE54-9A1E7A4F7556}") = "Aula02.UnitTest", "aula02\test\Aula02.UnitTest\Aula02.UnitTest.csproj", "{9E657A40-64FB-45FE-91FB-3A8BAC9C6333}"
EndProject
Project("{2150E333-8FDC-42A3-9474-1A3956D46DE8}") = "aula04", "aula04", "{8DB1C26C-14EF-4E9B-A744-B068BF4BCABA}"
EndProject
Project("{9A19103F-16F7-4668-BE54-9A1E7A4F7556}") = "Aula04.Dados", "aula04\src\Aula04.Dados\Aula04.Dados.csproj", "{B151C821-1687-4C7C-B2DB-CE11A83CDB59}"
EndProject
Project("{9A19103F-16F7-4668-BE54-9A1E7A4F7556}") = "Aula04.Negocios", "aula04\src\Aula04.Negocios\Aula04.Negocios.csproj", "{6E03F54E-F8A1-4468-8531-DCA1CD364D1D}"
EndProject
Project("{9A19103F-16F7-4668-BE54-9A1E7A4F7556}") = "Aula04.UnitTests", "aula04\test\Aula04.UnitTests\Aula04.UnitTests.csproj", "{1558B297-0971-4BEE-9961-BD3D9836AC33}"
EndProject
Project("{9A19103F-16F7-4668-BE54-9A1E7A4F7556}") = "Aula04", "aula04\src\Aula04\Aula04.csproj", "{C28606B9-BDA4-4470-89F0-1643999A797C}"
EndProject
Project("{9A19103F-16F7-4668-BE54-9A1E7A4F7556}") = "Aula04.Negocios.UnitTests", "aula04\test\Aula04.Negocios.UnitTests\Aula04.Negocios.UnitTests.csproj", "{540FFA6C-0E6A-4CF1-BF7E-99B68A1D76C7}"
EndProject
Project("{9A19103F-16F7-4668-BE54-9A1E7A4F7556}") = "Aula04.Aplicacao", "aula04\src\Aula04.Aplicacao\Aula04.Aplicacao.csproj", "{DFF419FD-75F4-4CA9-9A84-E45C02AB4CF6}"
EndProject
Project("{9A19103F-16F7-4668-BE54-9A1E7A4F7556}") = "Aula04.Aplicacao.UnitTests", "aula04\test\Aula04.Aplicacao.UnitTests\Aula04.Aplicacao.UnitTests.csproj", "{6AC52926-348A-4FDE-BA74-4C62B439652D}"
EndProject
Project("{2150E333-8FDC-42A3-9474-1A3956D46DE8}") = "aula05", "aula05", "{FE98C1B3-352D-4854-AD63-0088E9C2E29D}"
	ProjectSection(SolutionItems) = preProject
		aula03\src\Aula03\Vendinha.md = aula03\src\Aula03\Vendinha.md
	EndProjectSection
EndProject
Project("{9A19103F-16F7-4668-BE54-9A1E7A4F7556}") = "Aula05.GildedRose", "aula05\src\Aula05.GildedRose\Aula05.GildedRose.csproj", "{664AF472-FADF-4984-9708-193564B839BB}"
EndProject
Project("{FAE04EC0-301F-11D3-BF4B-00C04F79EFBC}") = "Aula05.GildedRose.UnitTests", "aula05\test\Aula05.GildedRose.UnitTests\Aula05.GildedRose.UnitTests.csproj", "{2BFCB91A-B2C3-4FD0-B0BA-EC481B9F1A46}"
EndProject
Project("{FAE04EC0-301F-11D3-BF4B-00C04F79EFBC}") = "Aula05.GildedRose.Tests.Shared", "aula05\test\Aula05.GildedRose.Tests.Shared\Aula05.GildedRose.Tests.Shared.csproj", "{131809AF-6B35-45A1-82BF-A7F429D90F0F}"
EndProject
Global
	GlobalSection(SolutionConfigurationPlatforms) = preSolution
		Debug|Any CPU = Debug|Any CPU
		Release|Any CPU = Release|Any CPU
	EndGlobalSection
	GlobalSection(ProjectConfigurationPlatforms) = postSolution
		{0BC7AAE2-996B-4445-87A8-89573F2B8B30}.Debug|Any CPU.ActiveCfg = Debug|Any CPU
		{0BC7AAE2-996B-4445-87A8-89573F2B8B30}.Debug|Any CPU.Build.0 = Debug|Any CPU
		{0BC7AAE2-996B-4445-87A8-89573F2B8B30}.Release|Any CPU.ActiveCfg = Release|Any CPU
		{0BC7AAE2-996B-4445-87A8-89573F2B8B30}.Release|Any CPU.Build.0 = Release|Any CPU
		{39B50404-228E-4D11-B0D9-6D8AF651ECB9}.Debug|Any CPU.ActiveCfg = Debug|Any CPU
		{39B50404-228E-4D11-B0D9-6D8AF651ECB9}.Debug|Any CPU.Build.0 = Debug|Any CPU
		{39B50404-228E-4D11-B0D9-6D8AF651ECB9}.Release|Any CPU.ActiveCfg = Release|Any CPU
		{39B50404-228E-4D11-B0D9-6D8AF651ECB9}.Release|Any CPU.Build.0 = Release|Any CPU
		{33376D0B-6A86-4A1E-9852-16780056B2D5}.Debug|Any CPU.ActiveCfg = Debug|Any CPU
		{33376D0B-6A86-4A1E-9852-16780056B2D5}.Debug|Any CPU.Build.0 = Debug|Any CPU
		{33376D0B-6A86-4A1E-9852-16780056B2D5}.Release|Any CPU.ActiveCfg = Release|Any CPU
		{33376D0B-6A86-4A1E-9852-16780056B2D5}.Release|Any CPU.Build.0 = Release|Any CPU
		{847E74F7-0BEC-4662-837B-32803738E587}.Debug|Any CPU.ActiveCfg = Debug|Any CPU
		{847E74F7-0BEC-4662-837B-32803738E587}.Debug|Any CPU.Build.0 = Debug|Any CPU
		{847E74F7-0BEC-4662-837B-32803738E587}.Release|Any CPU.ActiveCfg = Release|Any CPU
		{847E74F7-0BEC-4662-837B-32803738E587}.Release|Any CPU.Build.0 = Release|Any CPU
		{450F47AE-D10A-4CD6-893E-BC028E5E215B}.Debug|Any CPU.ActiveCfg = Debug|Any CPU
		{450F47AE-D10A-4CD6-893E-BC028E5E215B}.Debug|Any CPU.Build.0 = Debug|Any CPU
		{450F47AE-D10A-4CD6-893E-BC028E5E215B}.Release|Any CPU.ActiveCfg = Release|Any CPU
		{450F47AE-D10A-4CD6-893E-BC028E5E215B}.Release|Any CPU.Build.0 = Release|Any CPU
		{182D4CFD-7857-4247-9377-057978BF426E}.Debug|Any CPU.ActiveCfg = Debug|Any CPU
		{182D4CFD-7857-4247-9377-057978BF426E}.Debug|Any CPU.Build.0 = Debug|Any CPU
		{182D4CFD-7857-4247-9377-057978BF426E}.Release|Any CPU.ActiveCfg = Release|Any CPU
		{182D4CFD-7857-4247-9377-057978BF426E}.Release|Any CPU.Build.0 = Release|Any CPU
		{9E657A40-64FB-45FE-91FB-3A8BAC9C6333}.Debug|Any CPU.ActiveCfg = Debug|Any CPU
		{9E657A40-64FB-45FE-91FB-3A8BAC9C6333}.Debug|Any CPU.Build.0 = Debug|Any CPU
		{9E657A40-64FB-45FE-91FB-3A8BAC9C6333}.Release|Any CPU.ActiveCfg = Release|Any CPU
		{9E657A40-64FB-45FE-91FB-3A8BAC9C6333}.Release|Any CPU.Build.0 = Release|Any CPU
		{B151C821-1687-4C7C-B2DB-CE11A83CDB59}.Debug|Any CPU.ActiveCfg = Debug|Any CPU
		{B151C821-1687-4C7C-B2DB-CE11A83CDB59}.Debug|Any CPU.Build.0 = Debug|Any CPU
		{B151C821-1687-4C7C-B2DB-CE11A83CDB59}.Release|Any CPU.ActiveCfg = Release|Any CPU
		{B151C821-1687-4C7C-B2DB-CE11A83CDB59}.Release|Any CPU.Build.0 = Release|Any CPU
		{6E03F54E-F8A1-4468-8531-DCA1CD364D1D}.Debug|Any CPU.ActiveCfg = Debug|Any CPU
		{6E03F54E-F8A1-4468-8531-DCA1CD364D1D}.Debug|Any CPU.Build.0 = Debug|Any CPU
		{6E03F54E-F8A1-4468-8531-DCA1CD364D1D}.Release|Any CPU.ActiveCfg = Release|Any CPU
		{6E03F54E-F8A1-4468-8531-DCA1CD364D1D}.Release|Any CPU.Build.0 = Release|Any CPU
		{1558B297-0971-4BEE-9961-BD3D9836AC33}.Debug|Any CPU.ActiveCfg = Debug|Any CPU
		{1558B297-0971-4BEE-9961-BD3D9836AC33}.Debug|Any CPU.Build.0 = Debug|Any CPU
		{1558B297-0971-4BEE-9961-BD3D9836AC33}.Release|Any CPU.ActiveCfg = Release|Any CPU
		{1558B297-0971-4BEE-9961-BD3D9836AC33}.Release|Any CPU.Build.0 = Release|Any CPU
		{C28606B9-BDA4-4470-89F0-1643999A797C}.Debug|Any CPU.ActiveCfg = Debug|Any CPU
		{C28606B9-BDA4-4470-89F0-1643999A797C}.Debug|Any CPU.Build.0 = Debug|Any CPU
		{C28606B9-BDA4-4470-89F0-1643999A797C}.Release|Any CPU.ActiveCfg = Release|Any CPU
		{C28606B9-BDA4-4470-89F0-1643999A797C}.Release|Any CPU.Build.0 = Release|Any CPU
		{540FFA6C-0E6A-4CF1-BF7E-99B68A1D76C7}.Debug|Any CPU.ActiveCfg = Debug|Any CPU
		{540FFA6C-0E6A-4CF1-BF7E-99B68A1D76C7}.Debug|Any CPU.Build.0 = Debug|Any CPU
		{540FFA6C-0E6A-4CF1-BF7E-99B68A1D76C7}.Release|Any CPU.ActiveCfg = Release|Any CPU
		{540FFA6C-0E6A-4CF1-BF7E-99B68A1D76C7}.Release|Any CPU.Build.0 = Release|Any CPU
		{DFF419FD-75F4-4CA9-9A84-E45C02AB4CF6}.Debug|Any CPU.ActiveCfg = Debug|Any CPU
		{DFF419FD-75F4-4CA9-9A84-E45C02AB4CF6}.Debug|Any CPU.Build.0 = Debug|Any CPU
		{DFF419FD-75F4-4CA9-9A84-E45C02AB4CF6}.Release|Any CPU.ActiveCfg = Release|Any CPU
		{DFF419FD-75F4-4CA9-9A84-E45C02AB4CF6}.Release|Any CPU.Build.0 = Release|Any CPU
		{6AC52926-348A-4FDE-BA74-4C62B439652D}.Debug|Any CPU.ActiveCfg = Debug|Any CPU
		{6AC52926-348A-4FDE-BA74-4C62B439652D}.Debug|Any CPU.Build.0 = Debug|Any CPU
		{6AC52926-348A-4FDE-BA74-4C62B439652D}.Release|Any CPU.ActiveCfg = Release|Any CPU
		{6AC52926-348A-4FDE-BA74-4C62B439652D}.Release|Any CPU.Build.0 = Release|Any CPU
		{664AF472-FADF-4984-9708-193564B839BB}.Debug|Any CPU.ActiveCfg = Debug|Any CPU
		{664AF472-FADF-4984-9708-193564B839BB}.Debug|Any CPU.Build.0 = Debug|Any CPU
		{664AF472-FADF-4984-9708-193564B839BB}.Release|Any CPU.ActiveCfg = Release|Any CPU
		{664AF472-FADF-4984-9708-193564B839BB}.Release|Any CPU.Build.0 = Release|Any CPU
		{2BFCB91A-B2C3-4FD0-B0BA-EC481B9F1A46}.Debug|Any CPU.ActiveCfg = Debug|Any CPU
		{2BFCB91A-B2C3-4FD0-B0BA-EC481B9F1A46}.Debug|Any CPU.Build.0 = Debug|Any CPU
		{2BFCB91A-B2C3-4FD0-B0BA-EC481B9F1A46}.Release|Any CPU.ActiveCfg = Release|Any CPU
		{2BFCB91A-B2C3-4FD0-B0BA-EC481B9F1A46}.Release|Any CPU.Build.0 = Release|Any CPU
		{131809AF-6B35-45A1-82BF-A7F429D90F0F}.Debug|Any CPU.ActiveCfg = Debug|Any CPU
		{131809AF-6B35-45A1-82BF-A7F429D90F0F}.Debug|Any CPU.Build.0 = Debug|Any CPU
		{131809AF-6B35-45A1-82BF-A7F429D90F0F}.Release|Any CPU.ActiveCfg = Release|Any CPU
		{131809AF-6B35-45A1-82BF-A7F429D90F0F}.Release|Any CPU.Build.0 = Release|Any CPU
	EndGlobalSection
	GlobalSection(SolutionProperties) = preSolution
		HideSolutionNode = FALSE
	EndGlobalSection
	GlobalSection(NestedProjects) = preSolution
		{0BC7AAE2-996B-4445-87A8-89573F2B8B30} = {CF3C3E60-5470-4F1B-A149-89E7301F81AC}
		{39B50404-228E-4D11-B0D9-6D8AF651ECB9} = {CF3C3E60-5470-4F1B-A149-89E7301F81AC}
		{33376D0B-6A86-4A1E-9852-16780056B2D5} = {B82277DF-5B94-4CAC-BD4C-861FFF55F138}
		{847E74F7-0BEC-4662-837B-32803738E587} = {B82277DF-5B94-4CAC-BD4C-861FFF55F138}
		{450F47AE-D10A-4CD6-893E-BC028E5E215B} = {6023BCFE-3196-4E43-B803-79641066ED86}
		{182D4CFD-7857-4247-9377-057978BF426E} = {6023BCFE-3196-4E43-B803-79641066ED86}
		{9E657A40-64FB-45FE-91FB-3A8BAC9C6333} = {6023BCFE-3196-4E43-B803-79641066ED86}
		{B151C821-1687-4C7C-B2DB-CE11A83CDB59} = {8DB1C26C-14EF-4E9B-A744-B068BF4BCABA}
		{6E03F54E-F8A1-4468-8531-DCA1CD364D1D} = {8DB1C26C-14EF-4E9B-A744-B068BF4BCABA}
		{1558B297-0971-4BEE-9961-BD3D9836AC33} = {8DB1C26C-14EF-4E9B-A744-B068BF4BCABA}
		{C28606B9-BDA4-4470-89F0-1643999A797C} = {8DB1C26C-14EF-4E9B-A744-B068BF4BCABA}
		{540FFA6C-0E6A-4CF1-BF7E-99B68A1D76C7} = {8DB1C26C-14EF-4E9B-A744-B068BF4BCABA}
		{DFF419FD-75F4-4CA9-9A84-E45C02AB4CF6} = {8DB1C26C-14EF-4E9B-A744-B068BF4BCABA}
		{6AC52926-348A-4FDE-BA74-4C62B439652D} = {8DB1C26C-14EF-4E9B-A744-B068BF4BCABA}
		{664AF472-FADF-4984-9708-193564B839BB} = {FE98C1B3-352D-4854-AD63-0088E9C2E29D}
		{2BFCB91A-B2C3-4FD0-B0BA-EC481B9F1A46} = {FE98C1B3-352D-4854-AD63-0088E9C2E29D}
		{131809AF-6B35-45A1-82BF-A7F429D90F0F} = {FE98C1B3-352D-4854-AD63-0088E9C2E29D}
	EndGlobalSection
	GlobalSection(ExtensibilityGlobals) = postSolution
		SolutionGuid = {19763ED3-809D-497A-AB22-0D269F834EB2}
	EndGlobalSection
EndGlobal
