
Microsoft Visual Studio Solution File, Format Version 12.00
# Visual Studio Version 17
VisualStudioVersion = 17.0.31717.71
MinimumVisualStudioVersion = 10.0.40219.1
Project("{2150E333-8FDC-42A3-9474-1A3956D46DE8}") = "aula01", "aula01", "{B82277DF-5B94-4CAC-BD4C-861FFF55F138}"
EndProject
Project("{2150E333-8FDC-42A3-9474-1A3956D46DE8}") = "aula02", "aula02", "{6023BCFE-3196-4E43-B803-79641066ED86}"
EndProject
Project("{2150E333-8FDC-42A3-9474-1A3956D46DE8}") = "aula03", "aula03", "{CF3C3E60-5470-4F1B-A149-89E7301F81AC}"
EndProject
Project("{9A19103F-16F7-4668-BE54-9A1E7A4F7556}") = "Aula03", "aula03\src\Aula03\Aula03.csproj", "{0BC7AAE2-996B-4445-87A8-89573F2B8B30}"
EndProject
Project("{9A19103F-16F7-4668-BE54-9A1E7A4F7556}") = "Aula03.UnitTest", "aula03\test\Aula03.UnitTest\Aula03.UnitTest.csproj", "{39B50404-228E-4D11-B0D9-6D8AF651ECB9}"
EndProject
Project("{9A19103F-16F7-4668-BE54-9A1E7A4F7556}") = "Aula01", "aula01\src\Aula01\Aula01.csproj", "{33376D0B-6A86-4A1E-9852-16780056B2D5}"
EndProject
Project("{9A19103F-16F7-4668-BE54-9A1E7A4F7556}") = "Aula01.UnitTest", "aula01\test\Aula01.UnitTest\Aula01.UnitTest.csproj", "{847E74F7-0BEC-4662-837B-32803738E587}"
EndProject
Project("{9A19103F-16F7-4668-BE54-9A1E7A4F7556}") = "Aula02", "aula02\src\Aula02\Aula02.csproj", "{450F47AE-D10A-4CD6-893E-BC028E5E215B}"
EndProject
Project("{9A19103F-16F7-4668-BE54-9A1E7A4F7556}") = "Aula02.Nunit.UnitTest", "aula02\test\Aula02.NUnit.UnitTest\Aula02.Nunit.UnitTest.csproj", "{182D4CFD-7857-4247-9377-057978BF426E}"
EndProject
Project("{9A19103F-16F7-4668-BE54-9A1E7A4F7556}") = "Aula02.UnitTest", "aula02\test\Aula02.UnitTest\Aula02.UnitTest.csproj", "{9E657A40-64FB-45FE-91FB-3A8BAC9C6333}"
EndProject
Global
	GlobalSection(SolutionConfigurationPlatforms) = preSolution
		Debug|Any CPU = Debug|Any CPU
		Release|Any CPU = Release|Any CPU
	EndGlobalSection
	GlobalSection(ProjectConfigurationPlatforms) = postSolution
		{0BC7AAE2-996B-4445-87A8-89573F2B8B30}.Debug|Any CPU.ActiveCfg = Debug|Any CPU
		{0BC7AAE2-996B-4445-87A8-89573F2B8B30}.Debug|Any CPU.Build.0 = Debug|Any CPU
		{0BC7AAE2-996B-4445-87A8-89573F2B8B30}.Release|Any CPU.ActiveCfg = Release|Any CPU
		{0BC7AAE2-996B-4445-87A8-89573F2B8B30}.Release|Any CPU.Build.0 = Release|Any CPU
		{39B50404-228E-4D11-B0D9-6D8AF651ECB9}.Debug|Any CPU.ActiveCfg = Debug|Any CPU
		{39B50404-228E-4D11-B0D9-6D8AF651ECB9}.Debug|Any CPU.Build.0 = Debug|Any CPU
		{39B50404-228E-4D11-B0D9-6D8AF651ECB9}.Release|Any CPU.ActiveCfg = Release|Any CPU
		{39B50404-228E-4D11-B0D9-6D8AF651ECB9}.Release|Any CPU.Build.0 = Release|Any CPU
		{33376D0B-6A86-4A1E-9852-16780056B2D5}.Debug|Any CPU.ActiveCfg = Debug|Any CPU
		{33376D0B-6A86-4A1E-9852-16780056B2D5}.Debug|Any CPU.Build.0 = Debug|Any CPU
		{33376D0B-6A86-4A1E-9852-16780056B2D5}.Release|Any CPU.ActiveCfg = Release|Any CPU
		{33376D0B-6A86-4A1E-9852-16780056B2D5}.Release|Any CPU.Build.0 = Release|Any CPU
		{847E74F7-0BEC-4662-837B-32803738E587}.Debug|Any CPU.ActiveCfg = Debug|Any CPU
		{847E74F7-0BEC-4662-837B-32803738E587}.Debug|Any CPU.Build.0 = Debug|Any CPU
		{847E74F7-0BEC-4662-837B-32803738E587}.Release|Any CPU.ActiveCfg = Release|Any CPU
		{847E74F7-0BEC-4662-837B-32803738E587}.Release|Any CPU.Build.0 = Release|Any CPU
		{450F47AE-D10A-4CD6-893E-BC028E5E215B}.Debug|Any CPU.ActiveCfg = Debug|Any CPU
		{450F47AE-D10A-4CD6-893E-BC028E5E215B}.Debug|Any CPU.Build.0 = Debug|Any CPU
		{450F47AE-D10A-4CD6-893E-BC028E5E215B}.Release|Any CPU.ActiveCfg = Release|Any CPU
		{450F47AE-D10A-4CD6-893E-BC028E5E215B}.Release|Any CPU.Build.0 = Release|Any CPU
		{182D4CFD-7857-4247-9377-057978BF426E}.Debug|Any CPU.ActiveCfg = Debug|Any CPU
		{182D4CFD-7857-4247-9377-057978BF426E}.Debug|Any CPU.Build.0 = Debug|Any CPU
		{182D4CFD-7857-4247-9377-057978BF426E}.Release|Any CPU.ActiveCfg = Release|Any CPU
		{182D4CFD-7857-4247-9377-057978BF426E}.Release|Any CPU.Build.0 = Release|Any CPU
		{9E657A40-64FB-45FE-91FB-3A8BAC9C6333}.Debug|Any CPU.ActiveCfg = Debug|Any CPU
		{9E657A40-64FB-45FE-91FB-3A8BAC9C6333}.Debug|Any CPU.Build.0 = Debug|Any CPU
		{9E657A40-64FB-45FE-91FB-3A8BAC9C6333}.Release|Any CPU.ActiveCfg = Release|Any CPU
		{9E657A40-64FB-45FE-91FB-3A8BAC9C6333}.Release|Any CPU.Build.0 = Release|Any CPU
	EndGlobalSection
	GlobalSection(SolutionProperties) = preSolution
		HideSolutionNode = FALSE
	EndGlobalSection
	GlobalSection(NestedProjects) = preSolution
		{0BC7AAE2-996B-4445-87A8-89573F2B8B30} = {CF3C3E60-5470-4F1B-A149-89E7301F81AC}
		{39B50404-228E-4D11-B0D9-6D8AF651ECB9} = {CF3C3E60-5470-4F1B-A149-89E7301F81AC}
		{33376D0B-6A86-4A1E-9852-16780056B2D5} = {B82277DF-5B94-4CAC-BD4C-861FFF55F138}
		{847E74F7-0BEC-4662-837B-32803738E587} = {B82277DF-5B94-4CAC-BD4C-861FFF55F138}
		{450F47AE-D10A-4CD6-893E-BC028E5E215B} = {6023BCFE-3196-4E43-B803-79641066ED86}
		{182D4CFD-7857-4247-9377-057978BF426E} = {6023BCFE-3196-4E43-B803-79641066ED86}
		{9E657A40-64FB-45FE-91FB-3A8BAC9C6333} = {6023BCFE-3196-4E43-B803-79641066ED86}
	EndGlobalSection
	GlobalSection(ExtensibilityGlobals) = postSolution
		SolutionGuid = {19763ED3-809D-497A-AB22-0D269F834EB2}
	EndGlobalSection
EndGlobal
